
Microsoft Visual Studio Solution File, Format Version 12.00
# Visual Studio Version 16
VisualStudioVersion = 16.0.32901.82
MinimumVisualStudioVersion = 10.0.40219.1
Project("{E24C65DC-7377-472B-9ABA-BC803B73C61A}") = "实验一：创建网站和设计网页实验", ".", "{A3F0267F-FE01-4675-80D9-1AE590284746}"
	ProjectSection(WebsiteProperties) = preProject
		TargetFrameworkMoniker = ".NETFramework,Version%3Dv4.7.2"
		Debug.AspNetCompiler.VirtualPath = "/localhost_62243"
		Debug.AspNetCompiler.PhysicalPath = "..\实验一：创建网站和设计网页实验\"
		Debug.AspNetCompiler.TargetPath = "PrecompiledWeb\localhost_62243\"
		Debug.AspNetCompiler.Updateable = "true"
		Debug.AspNetCompiler.ForceOverwrite = "true"
		Debug.AspNetCompiler.FixedNames = "false"
		Debug.AspNetCompiler.Debug = "True"
		Release.AspNetCompiler.VirtualPath = "/localhost_62243"
		Release.AspNetCompiler.PhysicalPath = "..\实验一：创建网站和设计网页实验\"
		Release.AspNetCompiler.TargetPath = "PrecompiledWeb\localhost_62243\"
		Release.AspNetCompiler.Updateable = "true"
		Release.AspNetCompiler.ForceOverwrite = "true"
		Release.AspNetCompiler.FixedNames = "false"
		Release.AspNetCompiler.Debug = "False"
		VWDPort = "62243"
		SlnRelativePath = "..\实验一：创建网站和设计网页实验\"
		DefaultWebSiteLanguage = "Visual C#"
	EndProjectSection
EndProject
Global
	GlobalSection(SolutionConfigurationPlatforms) = preSolution
		Debug|Any CPU = Debug|Any CPU
	EndGlobalSection
	GlobalSection(ProjectConfigurationPlatforms) = postSolution
		{A3F0267F-FE01-4675-80D9-1AE590284746}.Debug|Any CPU.ActiveCfg = Debug|Any CPU
		{A3F0267F-FE01-4675-80D9-1AE590284746}.Debug|Any CPU.Build.0 = Debug|Any CPU
	EndGlobalSection
	GlobalSection(SolutionProperties) = preSolution
		HideSolutionNode = FALSE
	EndGlobalSection
	GlobalSection(ExtensibilityGlobals) = postSolution
		SolutionGuid = {EFDA2B79-629E-4BC8-9F8A-0B5CEBE46C0C}
	EndGlobalSection
EndGlobal
